
Microsoft Visual Studio Solution File, Format Version 12.00
# Visual Studio 2012
Project("{FAE04EC0-301F-11D3-BF4B-00C04F79EFBC}") = "Prediccion.Tests", "Prediccion.Tests\Prediccion.Tests.csproj", "{5B323F24-33CB-461B-945C-E2F04A996650}"
EndProject
Project("{FAE04EC0-301F-11D3-BF4B-00C04F79EFBC}") = "Prediccion.Model", "Prediccion.Model\Prediccion.Model.csproj", "{74149DA8-6704-435C-9FCA-21D918FB8978}"
EndProject
Global
	GlobalSection(SolutionConfigurationPlatforms) = preSolution
		Debug|Any CPU = Debug|Any CPU
		Release|Any CPU = Release|Any CPU
	EndGlobalSection
	GlobalSection(ProjectConfigurationPlatforms) = postSolution
		{5B323F24-33CB-461B-945C-E2F04A996650}.Debug|Any CPU.ActiveCfg = Debug|Any CPU
		{5B323F24-33CB-461B-945C-E2F04A996650}.Debug|Any CPU.Build.0 = Debug|Any CPU
		{5B323F24-33CB-461B-945C-E2F04A996650}.Release|Any CPU.ActiveCfg = Release|Any CPU
		{5B323F24-33CB-461B-945C-E2F04A996650}.Release|Any CPU.Build.0 = Release|Any CPU
		{74149DA8-6704-435C-9FCA-21D918FB8978}.Debug|Any CPU.ActiveCfg = Debug|Any CPU
		{74149DA8-6704-435C-9FCA-21D918FB8978}.Debug|Any CPU.Build.0 = Debug|Any CPU
		{74149DA8-6704-435C-9FCA-21D918FB8978}.Release|Any CPU.ActiveCfg = Release|Any CPU
		{74149DA8-6704-435C-9FCA-21D918FB8978}.Release|Any CPU.Build.0 = Release|Any CPU
	EndGlobalSection
	GlobalSection(SolutionProperties) = preSolution
		HideSolutionNode = FALSE
	EndGlobalSection
EndGlobal
